
Microsoft Visual Studio Solution File, Format Version 12.00
# Visual Studio Version 17
VisualStudioVersion = 17.0.31903.59
MinimumVisualStudioVersion = 10.0.40219.1
Project("{9A19103F-16F7-4668-BE54-9A1E7A4F7556}") = "ManageTasksTests", "ManageTasksTests\ManageTasksTests.csproj", "{B8A42917-22FA-4CFA-99F8-B7E60C55E032}"
EndProject
Project("{9A19103F-16F7-4668-BE54-9A1E7A4F7556}") = "ManageTasks", "ManageTasks\ManageTasks.csproj", "{EEE7347C-BB9D-400F-ADE3-5429077AA575}"
EndProject
Global
	GlobalSection(SolutionConfigurationPlatforms) = preSolution
		Debug|Any CPU = Debug|Any CPU
		Release|Any CPU = Release|Any CPU
	EndGlobalSection
	GlobalSection(ProjectConfigurationPlatforms) = postSolution
		{B8A42917-22FA-4CFA-99F8-B7E60C55E032}.Debug|Any CPU.ActiveCfg = Debug|Any CPU
		{B8A42917-22FA-4CFA-99F8-B7E60C55E032}.Debug|Any CPU.Build.0 = Debug|Any CPU
		{B8A42917-22FA-4CFA-99F8-B7E60C55E032}.Release|Any CPU.ActiveCfg = Release|Any CPU
		{B8A42917-22FA-4CFA-99F8-B7E60C55E032}.Release|Any CPU.Build.0 = Release|Any CPU
		{EEE7347C-BB9D-400F-ADE3-5429077AA575}.Debug|Any CPU.ActiveCfg = Debug|Any CPU
		{EEE7347C-BB9D-400F-ADE3-5429077AA575}.Debug|Any CPU.Build.0 = Debug|Any CPU
		{EEE7347C-BB9D-400F-ADE3-5429077AA575}.Release|Any CPU.ActiveCfg = Release|Any CPU
		{EEE7347C-BB9D-400F-ADE3-5429077AA575}.Release|Any CPU.Build.0 = Release|Any CPU
	EndGlobalSection
	GlobalSection(SolutionProperties) = preSolution
		HideSolutionNode = FALSE
	EndGlobalSection
	GlobalSection(ExtensibilityGlobals) = postSolution
		SolutionGuid = {0A449DAE-1B3C-44C8-8004-C82CEAE0A001}
	EndGlobalSection
EndGlobal
